
Microsoft Visual Studio Solution File, Format Version 12.00
# Visual Studio Version 16
VisualStudioVersion = 16.0.30523.141
MinimumVisualStudioVersion = 10.0.40219.1
Project("{FAE04EC0-301F-11D3-BF4B-00C04F79EFBC}") = "ExcelAddProject", "ExcelAddProject\ExcelAddProject.csproj", "{F48B29CB-0A4F-4E34-9688-DE35DD14AEC4}"
EndProject
Global
	GlobalSection(SolutionConfigurationPlatforms) = preSolution
		Debug|Any CPU = Debug|Any CPU
		Release|Any CPU = Release|Any CPU
	EndGlobalSection
	GlobalSection(ProjectConfigurationPlatforms) = postSolution
		{F48B29CB-0A4F-4E34-9688-DE35DD14AEC4}.Debug|Any CPU.ActiveCfg = Debug|Any CPU
		{F48B29CB-0A4F-4E34-9688-DE35DD14AEC4}.Debug|Any CPU.Build.0 = Debug|Any CPU
		{F48B29CB-0A4F-4E34-9688-DE35DD14AEC4}.Release|Any CPU.ActiveCfg = Release|Any CPU
		{F48B29CB-0A4F-4E34-9688-DE35DD14AEC4}.Release|Any CPU.Build.0 = Release|Any CPU
	EndGlobalSection
	GlobalSection(SolutionProperties) = preSolution
		HideSolutionNode = FALSE
	EndGlobalSection
	GlobalSection(ExtensibilityGlobals) = postSolution
		SolutionGuid = {6FAB2FF8-8898-461B-A548-4D1B25F7F2F0}
	EndGlobalSection
EndGlobal
